# This file is automatically generated by fam.
# It is not intended for manual editing.
version = 1

[[package]]
name = "myfamily"
version = "0.0.1-beta.1" 
dependencies = [
	"fam_util", 
	"fam_core",
]

[[package]]
name = "fam_util"
version = "0.0.1-beta.1"
dependencies = [
]

[[package]]
name = "fam_core"
version = "0.0.1-beta.1"
dependencies = [
	"fam_util"
]

